# Generated by move; do not edit
# This file should be checked in.

[move]
version = 4

[pinned.testnet.CedraFramework]
source = { git = "https://github.com/cedra-labs/cedra-framework.git", subdir = "cedra-framework", rev = "d92ec7889efe26bef571f0a1995b55fcfe0365d1" }
use_environment = "testnet"
manifest_digest = "FC5E89013343742B0EC603062B11DEA30E39633E3942CBEF87256BCCF093E321"
deps = { CedraStdlib = "CedraStdlib", MoveStdlib = "MoveStdlib_1" }

[pinned.testnet.CedraStdlib]
source = { git = "https://github.com/cedra-labs/cedra-framework.git", subdir = "cedra-stdlib", rev = "d92ec7889efe26bef571f0a1995b55fcfe0365d1" }
use_environment = "testnet"
manifest_digest = "7AFB66695545775FBFBB2D3078ADFD084244D5002392E837FDE21D9EA1C6D01C"
deps = { MoveStdlib = "MoveStdlib_1" }

[pinned.testnet.MoveStdlib]
source = { git = "https://github.com/MystenLabs/sui.git", subdir = "crates/sui-framework/packages/move-stdlib", rev = "22f9fc9781732d651e18384c9a8eb1dabddf73a6" }
use_environment = "testnet"
manifest_digest = "C4FE4C91DE74CBF223B2E380AE40F592177D21870DC2D7EB6227D2D694E05363"
deps = {}

[pinned.testnet.MoveStdlib_1]
source = { git = "https://github.com/cedra-labs/cedra-framework.git", subdir = "move-stdlib", rev = "d92ec7889efe26bef571f0a1995b55fcfe0365d1" }
use_environment = "testnet"
manifest_digest = "C4FE4C91DE74CBF223B2E380AE40F592177D21870DC2D7EB6227D2D694E05363"
deps = {}

[pinned.testnet.RandomnessExample]
source = { root = true }
use_environment = "testnet"
manifest_digest = "F76E305CB0BEF46D7B714B69EA167B9B92535F8EF8E7CB6A316B78972E678E48"
deps = { CedraFramework = "CedraFramework", std = "MoveStdlib", sui = "Sui" }

[pinned.testnet.Sui]
source = { git = "https://github.com/MystenLabs/sui.git", subdir = "crates/sui-framework/packages/sui-framework", rev = "22f9fc9781732d651e18384c9a8eb1dabddf73a6" }
use_environment = "testnet"
manifest_digest = "7AFB66695545775FBFBB2D3078ADFD084244D5002392E837FDE21D9EA1C6D01C"
deps = { MoveStdlib = "MoveStdlib" }
